// !$*UTF8*$!
{
	archiveVersion = 1;
	classes = {
	};
	objectVersion = 50;
	objects = {

/* Begin PBXBuildFile section */
		13173390296EA6F3009444B1 /* GribFileArray+Stats.swift in Sources */ = {isa = PBXBuildFile; fileRef = 1317338F296EA6F3009444B1 /* GribFileArray+Stats.swift */; };
		1321773121E1FE2100881586 /* PointExports.swift in Sources */ = {isa = PBXBuildFile; fileRef = 1321773021E1FE2000881586 /* PointExports.swift */; };
		1321773321E2057500881586 /* GribPoint.swift in Sources */ = {isa = PBXBuildFile; fileRef = 1321773221E2057500881586 /* GribPoint.swift */; };
		1321773521E4BFDF00881586 /* Point.swift in Sources */ = {isa = PBXBuildFile; fileRef = 1321773421E4BFDF00881586 /* Point.swift */; };
		1336A71E21F1DBEA0031C214 /* libeccodes.a in Frameworks */ = {isa = PBXBuildFile; fileRef = 1336A71D21F1DBEA0031C214 /* libeccodes.a */; };
		134D346D21D67DF500373B74 /* AppDelegate.swift in Sources */ = {isa = PBXBuildFile; fileRef = 134D346C21D67DF500373B74 /* AppDelegate.swift */; };
		134D346F21D67DF500373B74 /* GribFileConversionViewController.swift in Sources */ = {isa = PBXBuildFile; fileRef = 134D346E21D67DF500373B74 /* GribFileConversionViewController.swift */; };
		134D347121D67DF500373B74 /* Assets.xcassets in Resources */ = {isa = PBXBuildFile; fileRef = 134D347021D67DF500373B74 /* Assets.xcassets */; };
		134D347421D67DF500373B74 /* Main.storyboard in Resources */ = {isa = PBXBuildFile; fileRef = 134D347221D67DF500373B74 /* Main.storyboard */; };
		134D348621D6817C00373B74 /* GribParser.swift in Sources */ = {isa = PBXBuildFile; fileRef = 134D348521D6817C00373B74 /* GribParser.swift */; };
		134D348821D91FEE00373B74 /* GribRotationMatrix.swift in Sources */ = {isa = PBXBuildFile; fileRef = 134D348721D91FEE00373B74 /* GribRotationMatrix.swift */; };
		134D348A21D9294D00373B74 /* GribCoordinate.swift in Sources */ = {isa = PBXBuildFile; fileRef = 134D348921D9294D00373B74 /* GribCoordinate.swift */; };
		138011E521DB64F400FA65AE /* TecplotExports.swift in Sources */ = {isa = PBXBuildFile; fileRef = 138011E421DB64F400FA65AE /* TecplotExports.swift */; };
		138011E921DBA19200FA65AE /* tecio.a in Frameworks */ = {isa = PBXBuildFile; fileRef = 138011E821DBA19200FA65AE /* tecio.a */; };
		138011EB21DBA3AC00FA65AE /* libc++.tbd in Frameworks */ = {isa = PBXBuildFile; fileRef = 138011EA21DBA3AB00FA65AE /* libc++.tbd */; };
		138011ED21DBD13400FA65AE /* GribGridData.swift in Sources */ = {isa = PBXBuildFile; fileRef = 138011EC21DBD13400FA65AE /* GribGridData.swift */; };
		138011EF21DBD19600FA65AE /* GribGeographyData.swift in Sources */ = {isa = PBXBuildFile; fileRef = 138011EE21DBD19600FA65AE /* GribGeographyData.swift */; };
		138011F121DBD1BF00FA65AE /* GribParameterData.swift in Sources */ = {isa = PBXBuildFile; fileRef = 138011F021DBD1BF00FA65AE /* GribParameterData.swift */; };
		138011F321DBD1F500FA65AE /* GribValueData.swift in Sources */ = {isa = PBXBuildFile; fileRef = 138011F221DBD1F400FA65AE /* GribValueData.swift */; };
		138011FC21DD467B00FA65AE /* GribFile.swift in Sources */ = {isa = PBXBuildFile; fileRef = 138011FB21DD467B00FA65AE /* GribFile.swift */; };
		1380120121DDF8A400FA65AE /* ParameterTableCellView.swift in Sources */ = {isa = PBXBuildFile; fileRef = 1380120021DDF8A400FA65AE /* ParameterTableCellView.swift */; };
		1380120321DDF8C400FA65AE /* GribFileInfoTableCellView.swift in Sources */ = {isa = PBXBuildFile; fileRef = 1380120221DDF8C400FA65AE /* GribFileInfoTableCellView.swift */; };
		1380120521DE25E300FA65AE /* GribGridDimensions.swift in Sources */ = {isa = PBXBuildFile; fileRef = 1380120421DE25E300FA65AE /* GribGridDimensions.swift */; };
		1380120721DF6E5000FA65AE /* ExporterViewController.swift in Sources */ = {isa = PBXBuildFile; fileRef = 1380120621DF6E5000FA65AE /* ExporterViewController.swift */; };
		1380120921DF71FF00FA65AE /* MyDateConverter.swift in Sources */ = {isa = PBXBuildFile; fileRef = 1380120821DF71FF00FA65AE /* MyDateConverter.swift */; };
		1380120B21DFF72A00FA65AE /* GribTimeData.swift in Sources */ = {isa = PBXBuildFile; fileRef = 1380120A21DFF72A00FA65AE /* GribTimeData.swift */; };
		1380120D21E08B5D00FA65AE /* GribParameterRotationCases.swift in Sources */ = {isa = PBXBuildFile; fileRef = 1380120C21E08B5C00FA65AE /* GribParameterRotationCases.swift */; };
		13AF33D021E881710023D1AB /* SubGridSpecificationViewController.swift in Sources */ = {isa = PBXBuildFile; fileRef = 13AF33CF21E881710023D1AB /* SubGridSpecificationViewController.swift */; };
		13C1401721E5C5DD0017CA81 /* .gitattributes in Resources */ = {isa = PBXBuildFile; fileRef = 13C1401621E5C5DD0017CA81 /* .gitattributes */; };
		13C2126A21F20AA20075BA0E /* definitions in Resources */ = {isa = PBXBuildFile; fileRef = 13C2126921F20AA10075BA0E /* definitions */; };
		13C6988722056B81005AC8DD /* GridMapping.swift in Sources */ = {isa = PBXBuildFile; fileRef = 13C6988622056B81005AC8DD /* GridMapping.swift */; };
/* End PBXBuildFile section */

/* Begin PBXCopyFilesBuildPhase section */
		1336A71C21F1CFC20031C214 /* Embed Libraries */ = {
			isa = PBXCopyFilesBuildPhase;
			buildActionMask = 2147483647;
			dstPath = "";
			dstSubfolderSpec = 10;
			files = (
			);
			name = "Embed Libraries";
			runOnlyForDeploymentPostprocessing = 0;
		};
/* End PBXCopyFilesBuildPhase section */

/* Begin PBXFileReference section */
		1317338F296EA6F3009444B1 /* GribFileArray+Stats.swift */ = {isa = PBXFileReference; lastKnownFileType = sourcecode.swift; path = "GribFileArray+Stats.swift"; sourceTree = "<group>"; };
		1321773021E1FE2000881586 /* PointExports.swift */ = {isa = PBXFileReference; lastKnownFileType = sourcecode.swift; path = PointExports.swift; sourceTree = "<group>"; };
		1321773221E2057500881586 /* GribPoint.swift */ = {isa = PBXFileReference; lastKnownFileType = sourcecode.swift; path = GribPoint.swift; sourceTree = "<group>"; };
		1321773421E4BFDF00881586 /* Point.swift */ = {isa = PBXFileReference; lastKnownFileType = sourcecode.swift; path = Point.swift; sourceTree = "<group>"; };
		1336A71D21F1DBEA0031C214 /* libeccodes.a */ = {isa = PBXFileReference; lastKnownFileType = archive.ar; path = libeccodes.a; sourceTree = "<group>"; };
		1336A71F21F1DC020031C214 /* eccodes.h */ = {isa = PBXFileReference; fileEncoding = 4; lastKnownFileType = sourcecode.c.h; path = eccodes.h; sourceTree = "<group>"; };
		1336A72321F1E7750031C214 /* grib_api.h */ = {isa = PBXFileReference; fileEncoding = 4; lastKnownFileType = sourcecode.c.h; path = grib_api.h; sourceTree = "<group>"; };
		1336A72421F1E7920031C214 /* grib_api_windef.h */ = {isa = PBXFileReference; fileEncoding = 4; lastKnownFileType = sourcecode.c.h; path = grib_api_windef.h; sourceTree = "<group>"; };
		1336A72521F1E7AE0031C214 /* grib_api_version.h */ = {isa = PBXFileReference; fileEncoding = 4; lastKnownFileType = sourcecode.c.h; path = grib_api_version.h; sourceTree = "<group>"; };
		134D346921D67DF500373B74 /* gribParserTest.app */ = {isa = PBXFileReference; explicitFileType = wrapper.application; includeInIndex = 0; path = gribParserTest.app; sourceTree = BUILT_PRODUCTS_DIR; };
		134D346C21D67DF500373B74 /* AppDelegate.swift */ = {isa = PBXFileReference; lastKnownFileType = sourcecode.swift; path = AppDelegate.swift; sourceTree = "<group>"; };
		134D346E21D67DF500373B74 /* GribFileConversionViewController.swift */ = {isa = PBXFileReference; lastKnownFileType = sourcecode.swift; path = GribFileConversionViewController.swift; sourceTree = "<group>"; };
		134D347021D67DF500373B74 /* Assets.xcassets */ = {isa = PBXFileReference; lastKnownFileType = folder.assetcatalog; path = Assets.xcassets; sourceTree = "<group>"; };
		134D347321D67DF500373B74 /* Base */ = {isa = PBXFileReference; lastKnownFileType = file.storyboard; name = Base; path = Base.lproj/Main.storyboard; sourceTree = "<group>"; };
		134D347521D67DF500373B74 /* Info.plist */ = {isa = PBXFileReference; lastKnownFileType = text.plist.xml; path = Info.plist; sourceTree = "<group>"; };
		134D347621D67DF500373B74 /* gribParserTest.entitlements */ = {isa = PBXFileReference; lastKnownFileType = text.plist.entitlements; path = gribParserTest.entitlements; sourceTree = "<group>"; };
		134D347D21D67E4E00373B74 /* libgrib_api.dylib */ = {isa = PBXFileReference; lastKnownFileType = "compiled.mach-o.dylib"; name = libgrib_api.dylib; path = ../../../../../usr/local/lib/libgrib_api.dylib; sourceTree = "<group>"; };
		134D348021D67EBC00373B74 /* gribParserTest-Bridging-Header.h */ = {isa = PBXFileReference; lastKnownFileType = sourcecode.c.h; path = "gribParserTest-Bridging-Header.h"; sourceTree = "<group>"; };
		134D348521D6817C00373B74 /* GribParser.swift */ = {isa = PBXFileReference; lastKnownFileType = sourcecode.swift; path = GribParser.swift; sourceTree = "<group>"; };
		134D348721D91FEE00373B74 /* GribRotationMatrix.swift */ = {isa = PBXFileReference; lastKnownFileType = sourcecode.swift; path = GribRotationMatrix.swift; sourceTree = "<group>"; };
		134D348921D9294D00373B74 /* GribCoordinate.swift */ = {isa = PBXFileReference; lastKnownFileType = sourcecode.swift; path = GribCoordinate.swift; sourceTree = "<group>"; };
		138011E121DB63D900FA65AE /* TECIO.h */ = {isa = PBXFileReference; fileEncoding = 4; lastKnownFileType = sourcecode.c.h; path = TECIO.h; sourceTree = "<group>"; };
		138011E221DB642D00FA65AE /* StandardIntegralTypes.h */ = {isa = PBXFileReference; lastKnownFileType = sourcecode.c.h; path = StandardIntegralTypes.h; sourceTree = "<group>"; };
		138011E321DB644A00FA65AE /* tecio_Exports.h */ = {isa = PBXFileReference; lastKnownFileType = sourcecode.c.h; path = tecio_Exports.h; sourceTree = "<group>"; };
		138011E421DB64F400FA65AE /* TecplotExports.swift */ = {isa = PBXFileReference; lastKnownFileType = sourcecode.swift; path = TecplotExports.swift; sourceTree = "<group>"; };
		138011E821DBA19200FA65AE /* tecio.a */ = {isa = PBXFileReference; lastKnownFileType = archive.ar; path = tecio.a; sourceTree = "<group>"; };
		138011EA21DBA3AB00FA65AE /* libc++.tbd */ = {isa = PBXFileReference; lastKnownFileType = "sourcecode.text-based-dylib-definition"; name = "libc++.tbd"; path = "usr/lib/libc++.tbd"; sourceTree = SDKROOT; };
		138011EC21DBD13400FA65AE /* GribGridData.swift */ = {isa = PBXFileReference; lastKnownFileType = sourcecode.swift; path = GribGridData.swift; sourceTree = "<group>"; };
		138011EE21DBD19600FA65AE /* GribGeographyData.swift */ = {isa = PBXFileReference; lastKnownFileType = sourcecode.swift; path = GribGeographyData.swift; sourceTree = "<group>"; };
		138011F021DBD1BF00FA65AE /* GribParameterData.swift */ = {isa = PBXFileReference; lastKnownFileType = sourcecode.swift; path = GribParameterData.swift; sourceTree = "<group>"; };
		138011F221DBD1F400FA65AE /* GribValueData.swift */ = {isa = PBXFileReference; lastKnownFileType = sourcecode.swift; path = GribValueData.swift; sourceTree = "<group>"; };
		138011FB21DD467B00FA65AE /* GribFile.swift */ = {isa = PBXFileReference; lastKnownFileType = sourcecode.swift; path = GribFile.swift; sourceTree = "<group>"; };
		1380120021DDF8A400FA65AE /* ParameterTableCellView.swift */ = {isa = PBXFileReference; lastKnownFileType = sourcecode.swift; path = ParameterTableCellView.swift; sourceTree = "<group>"; };
		1380120221DDF8C400FA65AE /* GribFileInfoTableCellView.swift */ = {isa = PBXFileReference; lastKnownFileType = sourcecode.swift; path = GribFileInfoTableCellView.swift; sourceTree = "<group>"; };
		1380120421DE25E300FA65AE /* GribGridDimensions.swift */ = {isa = PBXFileReference; lastKnownFileType = sourcecode.swift; path = GribGridDimensions.swift; sourceTree = "<group>"; };
		1380120621DF6E5000FA65AE /* ExporterViewController.swift */ = {isa = PBXFileReference; lastKnownFileType = sourcecode.swift; path = ExporterViewController.swift; sourceTree = "<group>"; };
		1380120821DF71FF00FA65AE /* MyDateConverter.swift */ = {isa = PBXFileReference; fileEncoding = 4; lastKnownFileType = sourcecode.swift; path = MyDateConverter.swift; sourceTree = "<group>"; };
		1380120A21DFF72A00FA65AE /* GribTimeData.swift */ = {isa = PBXFileReference; lastKnownFileType = sourcecode.swift; path = GribTimeData.swift; sourceTree = "<group>"; };
		1380120C21E08B5C00FA65AE /* GribParameterRotationCases.swift */ = {isa = PBXFileReference; lastKnownFileType = sourcecode.swift; path = GribParameterRotationCases.swift; sourceTree = "<group>"; };
		13AF33CF21E881710023D1AB /* SubGridSpecificationViewController.swift */ = {isa = PBXFileReference; lastKnownFileType = sourcecode.swift; path = SubGridSpecificationViewController.swift; sourceTree = "<group>"; };
		13BD2BC621EE18BA0052091A /* README.md */ = {isa = PBXFileReference; lastKnownFileType = net.daringfireball.markdown; path = README.md; sourceTree = "<group>"; };
		13C1401621E5C5DD0017CA81 /* .gitattributes */ = {isa = PBXFileReference; lastKnownFileType = text; path = .gitattributes; sourceTree = "<group>"; };
		13C2126921F20AA10075BA0E /* definitions */ = {isa = PBXFileReference; lastKnownFileType = folder; path = definitions; sourceTree = "<group>"; };
		13C6988622056B81005AC8DD /* GridMapping.swift */ = {isa = PBXFileReference; lastKnownFileType = sourcecode.swift; path = GridMapping.swift; sourceTree = "<group>"; };
/* End PBXFileReference section */

/* Begin PBXFrameworksBuildPhase section */
		134D346621D67DF500373B74 /* Frameworks */ = {
			isa = PBXFrameworksBuildPhase;
			buildActionMask = 2147483647;
			files = (
				1336A71E21F1DBEA0031C214 /* libeccodes.a in Frameworks */,
				138011EB21DBA3AC00FA65AE /* libc++.tbd in Frameworks */,
				138011E921DBA19200FA65AE /* tecio.a in Frameworks */,
			);
			runOnlyForDeploymentPostprocessing = 0;
		};
/* End PBXFrameworksBuildPhase section */

/* Begin PBXGroup section */
		1336A72021F1DC0C0031C214 /* eccodesAPI */ = {
			isa = PBXGroup;
			children = (
				1336A72321F1E7750031C214 /* grib_api.h */,
				1336A71F21F1DC020031C214 /* eccodes.h */,
				1336A72421F1E7920031C214 /* grib_api_windef.h */,
				1336A72521F1E7AE0031C214 /* grib_api_version.h */,
				1336A71D21F1DBEA0031C214 /* libeccodes.a */,
			);
			name = eccodesAPI;
			sourceTree = "<group>";
		};
		134D346021D67DF500373B74 = {
			isa = PBXGroup;
			children = (
				13C1401621E5C5DD0017CA81 /* .gitattributes */,
				13BD2BC621EE18BA0052091A /* README.md */,
				13C2126921F20AA10075BA0E /* definitions */,
				134D346B21D67DF500373B74 /* gribParserTest */,
				134D346A21D67DF500373B74 /* Products */,
				134D347C21D67E4E00373B74 /* Frameworks */,
			);
			sourceTree = "<group>";
		};
		134D346A21D67DF500373B74 /* Products */ = {
			isa = PBXGroup;
			children = (
				134D346921D67DF500373B74 /* gribParserTest.app */,
			);
			name = Products;
			sourceTree = "<group>";
		};
		134D346B21D67DF500373B74 /* gribParserTest */ = {
			isa = PBXGroup;
			children = (
				1336A72021F1DC0C0031C214 /* eccodesAPI */,
				138011F921DD136000FA65AE /* supporting files */,
				138011F621DD11E700FA65AE /* tecioAPI */,
				138011F721DD121D00FA65AE /* grabDataTypes */,
				138011F821DD12A400FA65AE /* gribUtilityClasses */,
				138011FA21DD137E00FA65AE /* UI */,
				138011FD21DD482A00FA65AE /* Model */,
				13C6988622056B81005AC8DD /* GridMapping.swift */,
			);
			path = gribParserTest;
			sourceTree = "<group>";
		};
		134D347C21D67E4E00373B74 /* Frameworks */ = {
			isa = PBXGroup;
			children = (
				138011EA21DBA3AB00FA65AE /* libc++.tbd */,
				134D347D21D67E4E00373B74 /* libgrib_api.dylib */,
			);
			name = Frameworks;
			sourceTree = "<group>";
		};
		138011F621DD11E700FA65AE /* tecioAPI */ = {
			isa = PBXGroup;
			children = (
				138011E321DB644A00FA65AE /* tecio_Exports.h */,
				138011E221DB642D00FA65AE /* StandardIntegralTypes.h */,
				138011E121DB63D900FA65AE /* TECIO.h */,
				138011E821DBA19200FA65AE /* tecio.a */,
			);
			name = tecioAPI;
			sourceTree = "<group>";
		};
		138011F721DD121D00FA65AE /* grabDataTypes */ = {
			isa = PBXGroup;
			children = (
				1321773221E2057500881586 /* GribPoint.swift */,
				134D348921D9294D00373B74 /* GribCoordinate.swift */,
				134D348721D91FEE00373B74 /* GribRotationMatrix.swift */,
				1380120A21DFF72A00FA65AE /* GribTimeData.swift */,
				138011F221DBD1F400FA65AE /* GribValueData.swift */,
				138011F021DBD1BF00FA65AE /* GribParameterData.swift */,
				1380120C21E08B5C00FA65AE /* GribParameterRotationCases.swift */,
				138011EE21DBD19600FA65AE /* GribGeographyData.swift */,
				138011EC21DBD13400FA65AE /* GribGridData.swift */,
				1380120421DE25E300FA65AE /* GribGridDimensions.swift */,
			);
			name = grabDataTypes;
			sourceTree = "<group>";
		};
		138011F821DD12A400FA65AE /* gribUtilityClasses */ = {
			isa = PBXGroup;
			children = (
				134D348521D6817C00373B74 /* GribParser.swift */,
				138011E421DB64F400FA65AE /* TecplotExports.swift */,
				1321773021E1FE2000881586 /* PointExports.swift */,
				1321773421E4BFDF00881586 /* Point.swift */,
			);
			name = gribUtilityClasses;
			sourceTree = "<group>";
		};
		138011F921DD136000FA65AE /* supporting files */ = {
			isa = PBXGroup;
			children = (
				1380120821DF71FF00FA65AE /* MyDateConverter.swift */,
				134D348021D67EBC00373B74 /* gribParserTest-Bridging-Header.h */,
				134D346C21D67DF500373B74 /* AppDelegate.swift */,
				134D347021D67DF500373B74 /* Assets.xcassets */,
				134D347521D67DF500373B74 /* Info.plist */,
				134D347621D67DF500373B74 /* gribParserTest.entitlements */,
			);
			name = "supporting files";
			sourceTree = "<group>";
		};
		138011FA21DD137E00FA65AE /* UI */ = {
			isa = PBXGroup;
			children = (
				134D347221D67DF500373B74 /* Main.storyboard */,
				13AF33CF21E881710023D1AB /* SubGridSpecificationViewController.swift */,
				1380120621DF6E5000FA65AE /* ExporterViewController.swift */,
				1380120021DDF8A400FA65AE /* ParameterTableCellView.swift */,
				1380120221DDF8C400FA65AE /* GribFileInfoTableCellView.swift */,
				134D346E21D67DF500373B74 /* GribFileConversionViewController.swift */,
			);
			name = UI;
			sourceTree = "<group>";
		};
		138011FD21DD482A00FA65AE /* Model */ = {
			isa = PBXGroup;
			children = (
				1317338F296EA6F3009444B1 /* GribFileArray+Stats.swift */,
				138011FB21DD467B00FA65AE /* GribFile.swift */,
			);
			name = Model;
			sourceTree = "<group>";
		};
/* End PBXGroup section */

/* Begin PBXNativeTarget section */
		134D346821D67DF500373B74 /* gribParserTest */ = {
			isa = PBXNativeTarget;
			buildConfigurationList = 134D347921D67DF500373B74 /* Build configuration list for PBXNativeTarget "gribParserTest" */;
			buildPhases = (
				134D346521D67DF500373B74 /* Sources */,
				134D346621D67DF500373B74 /* Frameworks */,
				134D346721D67DF500373B74 /* Resources */,
				1336A71C21F1CFC20031C214 /* Embed Libraries */,
			);
			buildRules = (
			);
			dependencies = (
			);
			name = gribParserTest;
			productName = gribParserTest;
			productReference = 134D346921D67DF500373B74 /* gribParserTest.app */;
			productType = "com.apple.product-type.application";
		};
/* End PBXNativeTarget section */

/* Begin PBXProject section */
		134D346121D67DF500373B74 /* Project object */ = {
			isa = PBXProject;
			attributes = {
				LastSwiftUpdateCheck = 1010;
				LastUpgradeCheck = 1420;
				ORGANIZATIONNAME = "Bo Gustafsson";
				TargetAttributes = {
					134D346821D67DF500373B74 = {
						CreatedOnToolsVersion = 10.1;
						LastSwiftMigration = 1120;
						SystemCapabilities = {
							com.apple.Sandbox = {
								enabled = 0;
							};
						};
					};
				};
			};
			buildConfigurationList = 134D346421D67DF500373B74 /* Build configuration list for PBXProject "gribParserTest" */;
			compatibilityVersion = "Xcode 9.3";
			developmentRegion = en;
			hasScannedForEncodings = 0;
			knownRegions = (
				en,
				Base,
			);
			mainGroup = 134D346021D67DF500373B74;
			productRefGroup = 134D346A21D67DF500373B74 /* Products */;
			projectDirPath = "";
			projectRoot = "";
			targets = (
				134D346821D67DF500373B74 /* gribParserTest */,
			);
		};
/* End PBXProject section */

/* Begin PBXResourcesBuildPhase section */
		134D346721D67DF500373B74 /* Resources */ = {
			isa = PBXResourcesBuildPhase;
			buildActionMask = 2147483647;
			files = (
				134D347121D67DF500373B74 /* Assets.xcassets in Resources */,
				13C1401721E5C5DD0017CA81 /* .gitattributes in Resources */,
				134D347421D67DF500373B74 /* Main.storyboard in Resources */,
				13C2126A21F20AA20075BA0E /* definitions in Resources */,
			);
			runOnlyForDeploymentPostprocessing = 0;
		};
/* End PBXResourcesBuildPhase section */

/* Begin PBXSourcesBuildPhase section */
		134D346521D67DF500373B74 /* Sources */ = {
			isa = PBXSourcesBuildPhase;
			buildActionMask = 2147483647;
			files = (
				1321773121E1FE2100881586 /* PointExports.swift in Sources */,
				1380120721DF6E5000FA65AE /* ExporterViewController.swift in Sources */,
				13C6988722056B81005AC8DD /* GridMapping.swift in Sources */,
				138011FC21DD467B00FA65AE /* GribFile.swift in Sources */,
				134D348821D91FEE00373B74 /* GribRotationMatrix.swift in Sources */,
				138011F321DBD1F500FA65AE /* GribValueData.swift in Sources */,
				134D346F21D67DF500373B74 /* GribFileConversionViewController.swift in Sources */,
				1380120521DE25E300FA65AE /* GribGridDimensions.swift in Sources */,
				1380120D21E08B5D00FA65AE /* GribParameterRotationCases.swift in Sources */,
				138011F121DBD1BF00FA65AE /* GribParameterData.swift in Sources */,
				1321773321E2057500881586 /* GribPoint.swift in Sources */,
				134D348621D6817C00373B74 /* GribParser.swift in Sources */,
				138011E521DB64F400FA65AE /* TecplotExports.swift in Sources */,
				1380120121DDF8A400FA65AE /* ParameterTableCellView.swift in Sources */,
				13AF33D021E881710023D1AB /* SubGridSpecificationViewController.swift in Sources */,
				1380120321DDF8C400FA65AE /* GribFileInfoTableCellView.swift in Sources */,
				138011ED21DBD13400FA65AE /* GribGridData.swift in Sources */,
				13173390296EA6F3009444B1 /* GribFileArray+Stats.swift in Sources */,
				1380120921DF71FF00FA65AE /* MyDateConverter.swift in Sources */,
				1380120B21DFF72A00FA65AE /* GribTimeData.swift in Sources */,
				1321773521E4BFDF00881586 /* Point.swift in Sources */,
				134D346D21D67DF500373B74 /* AppDelegate.swift in Sources */,
				138011EF21DBD19600FA65AE /* GribGeographyData.swift in Sources */,
				134D348A21D9294D00373B74 /* GribCoordinate.swift in Sources */,
			);
			runOnlyForDeploymentPostprocessing = 0;
		};
/* End PBXSourcesBuildPhase section */

/* Begin PBXVariantGroup section */
		134D347221D67DF500373B74 /* Main.storyboard */ = {
			isa = PBXVariantGroup;
			children = (
				134D347321D67DF500373B74 /* Base */,
			);
			name = Main.storyboard;
			sourceTree = "<group>";
		};
/* End PBXVariantGroup section */

/* Begin XCBuildConfiguration section */
		134D347721D67DF500373B74 /* Debug */ = {
			isa = XCBuildConfiguration;
			buildSettings = {
				ALWAYS_SEARCH_USER_PATHS = NO;
				CLANG_ANALYZER_NONNULL = YES;
				CLANG_ANALYZER_NUMBER_OBJECT_CONVERSION = YES_AGGRESSIVE;
				CLANG_CXX_LANGUAGE_STANDARD = "gnu++14";
				CLANG_CXX_LIBRARY = "libc++";
				CLANG_ENABLE_MODULES = YES;
				CLANG_ENABLE_OBJC_ARC = YES;
				CLANG_ENABLE_OBJC_WEAK = YES;
				CLANG_WARN_BLOCK_CAPTURE_AUTORELEASING = YES;
				CLANG_WARN_BOOL_CONVERSION = YES;
				CLANG_WARN_COMMA = YES;
				CLANG_WARN_CONSTANT_CONVERSION = YES;
				CLANG_WARN_DEPRECATED_OBJC_IMPLEMENTATIONS = YES;
				CLANG_WARN_DIRECT_OBJC_ISA_USAGE = YES_ERROR;
				CLANG_WARN_DOCUMENTATION_COMMENTS = YES;
				CLANG_WARN_EMPTY_BODY = YES;
				CLANG_WARN_ENUM_CONVERSION = YES;
				CLANG_WARN_INFINITE_RECURSION = YES;
				CLANG_WARN_INT_CONVERSION = YES;
				CLANG_WARN_NON_LITERAL_NULL_CONVERSION = YES;
				CLANG_WARN_OBJC_IMPLICIT_RETAIN_SELF = YES;
				CLANG_WARN_OBJC_LITERAL_CONVERSION = YES;
				CLANG_WARN_OBJC_ROOT_CLASS = YES_ERROR;
				CLANG_WARN_QUOTED_INCLUDE_IN_FRAMEWORK_HEADER = YES;
				CLANG_WARN_RANGE_LOOP_ANALYSIS = YES;
				CLANG_WARN_STRICT_PROTOTYPES = YES;
				CLANG_WARN_SUSPICIOUS_MOVE = YES;
				CLANG_WARN_UNGUARDED_AVAILABILITY = YES_AGGRESSIVE;
				CLANG_WARN_UNREACHABLE_CODE = YES;
				CLANG_WARN__DUPLICATE_METHOD_MATCH = YES;
				CODE_SIGN_IDENTITY = "Mac Developer";
				COPY_PHASE_STRIP = NO;
				DEAD_CODE_STRIPPING = YES;
				DEBUG_INFORMATION_FORMAT = dwarf;
				ENABLE_STRICT_OBJC_MSGSEND = YES;
				ENABLE_TESTABILITY = YES;
				GCC_C_LANGUAGE_STANDARD = gnu11;
				GCC_DYNAMIC_NO_PIC = NO;
				GCC_NO_COMMON_BLOCKS = YES;
				GCC_OPTIMIZATION_LEVEL = 0;
				GCC_PREPROCESSOR_DEFINITIONS = (
					"DEBUG=1",
					"$(inherited)",
				);
				GCC_WARN_64_TO_32_BIT_CONVERSION = YES;
				GCC_WARN_ABOUT_RETURN_TYPE = YES_ERROR;
				GCC_WARN_UNDECLARED_SELECTOR = YES;
				GCC_WARN_UNINITIALIZED_AUTOS = YES_AGGRESSIVE;
				GCC_WARN_UNUSED_FUNCTION = YES;
				GCC_WARN_UNUSED_VARIABLE = YES;
				MACOSX_DEPLOYMENT_TARGET = 13.0;
				MTL_ENABLE_DEBUG_INFO = INCLUDE_SOURCE;
				MTL_FAST_MATH = YES;
				ONLY_ACTIVE_ARCH = YES;
				SDKROOT = macosx;
				SWIFT_ACTIVE_COMPILATION_CONDITIONS = DEBUG;
				SWIFT_OPTIMIZATION_LEVEL = "-Onone";
			};
			name = Debug;
		};
		134D347821D67DF500373B74 /* Release */ = {
			isa = XCBuildConfiguration;
			buildSettings = {
				ALWAYS_SEARCH_USER_PATHS = NO;
				CLANG_ANALYZER_NONNULL = YES;
				CLANG_ANALYZER_NUMBER_OBJECT_CONVERSION = YES_AGGRESSIVE;
				CLANG_CXX_LANGUAGE_STANDARD = "gnu++14";
				CLANG_CXX_LIBRARY = "libc++";
				CLANG_ENABLE_MODULES = YES;
				CLANG_ENABLE_OBJC_ARC = YES;
				CLANG_ENABLE_OBJC_WEAK = YES;
				CLANG_WARN_BLOCK_CAPTURE_AUTORELEASING = YES;
				CLANG_WARN_BOOL_CONVERSION = YES;
				CLANG_WARN_COMMA = YES;
				CLANG_WARN_CONSTANT_CONVERSION = YES;
				CLANG_WARN_DEPRECATED_OBJC_IMPLEMENTATIONS = YES;
				CLANG_WARN_DIRECT_OBJC_ISA_USAGE = YES_ERROR;
				CLANG_WARN_DOCUMENTATION_COMMENTS = YES;
				CLANG_WARN_EMPTY_BODY = YES;
				CLANG_WARN_ENUM_CONVERSION = YES;
				CLANG_WARN_INFINITE_RECURSION = YES;
				CLANG_WARN_INT_CONVERSION = YES;
				CLANG_WARN_NON_LITERAL_NULL_CONVERSION = YES;
				CLANG_WARN_OBJC_IMPLICIT_RETAIN_SELF = YES;
				CLANG_WARN_OBJC_LITERAL_CONVERSION = YES;
				CLANG_WARN_OBJC_ROOT_CLASS = YES_ERROR;
				CLANG_WARN_QUOTED_INCLUDE_IN_FRAMEWORK_HEADER = YES;
				CLANG_WARN_RANGE_LOOP_ANALYSIS = YES;
				CLANG_WARN_STRICT_PROTOTYPES = YES;
				CLANG_WARN_SUSPICIOUS_MOVE = YES;
				CLANG_WARN_UNGUARDED_AVAILABILITY = YES_AGGRESSIVE;
				CLANG_WARN_UNREACHABLE_CODE = YES;
				CLANG_WARN__DUPLICATE_METHOD_MATCH = YES;
				CODE_SIGN_IDENTITY = "Mac Developer";
				COPY_PHASE_STRIP = NO;
				DEAD_CODE_STRIPPING = YES;
				DEBUG_INFORMATION_FORMAT = "dwarf-with-dsym";
				ENABLE_NS_ASSERTIONS = NO;
				ENABLE_STRICT_OBJC_MSGSEND = YES;
				GCC_C_LANGUAGE_STANDARD = gnu11;
				GCC_NO_COMMON_BLOCKS = YES;
				GCC_WARN_64_TO_32_BIT_CONVERSION = YES;
				GCC_WARN_ABOUT_RETURN_TYPE = YES_ERROR;
				GCC_WARN_UNDECLARED_SELECTOR = YES;
				GCC_WARN_UNINITIALIZED_AUTOS = YES_AGGRESSIVE;
				GCC_WARN_UNUSED_FUNCTION = YES;
				GCC_WARN_UNUSED_VARIABLE = YES;
				MACOSX_DEPLOYMENT_TARGET = 13.0;
				MTL_ENABLE_DEBUG_INFO = NO;
				MTL_FAST_MATH = YES;
				SDKROOT = macosx;
				SWIFT_COMPILATION_MODE = wholemodule;
				SWIFT_OPTIMIZATION_LEVEL = "-O";
			};
			name = Release;
		};
		134D347A21D67DF500373B74 /* Debug */ = {
			isa = XCBuildConfiguration;
			buildSettings = {
				ASSETCATALOG_COMPILER_APPICON_NAME = AppIcon;
				CODE_SIGN_ENTITLEMENTS = gribParserTest/gribParserTest.entitlements;
				CODE_SIGN_IDENTITY = "Mac Developer";
				CODE_SIGN_STYLE = Automatic;
				COMBINE_HIDPI_IMAGES = YES;
				DEAD_CODE_STRIPPING = YES;
				DEVELOPMENT_TEAM = GS9HMMYWL7;
				ENABLE_HARDENED_RUNTIME = YES;
				INFOPLIST_FILE = gribParserTest/Info.plist;
				LD_RUNPATH_SEARCH_PATHS = (
					"$(inherited)",
					"@executable_path/../Frameworks",
				);
				LIBRARY_SEARCH_PATHS = (
					"$(inherited)",
					"$(PROJECT_DIR)/gribParserTest",
				);
				MACOSX_DEPLOYMENT_TARGET = 13.0;
				PRODUCT_BUNDLE_IDENTIFIER = org.balticnest.gribParserTest;
				PRODUCT_NAME = "$(TARGET_NAME)";
				PROVISIONING_PROFILE_SPECIFIER = "";
				SWIFT_OBJC_BRIDGING_HEADER = "gribParserTest/gribParserTest-Bridging-Header.h";
				SWIFT_VERSION = 5.0;
			};
			name = Debug;
		};
		134D347B21D67DF500373B74 /* Release */ = {
			isa = XCBuildConfiguration;
			buildSettings = {
				ASSETCATALOG_COMPILER_APPICON_NAME = AppIcon;
				CODE_SIGN_ENTITLEMENTS = gribParserTest/gribParserTest.entitlements;
				CODE_SIGN_IDENTITY = "Mac Developer";
				CODE_SIGN_STYLE = Automatic;
				COMBINE_HIDPI_IMAGES = YES;
				DEAD_CODE_STRIPPING = YES;
				DEVELOPMENT_TEAM = GS9HMMYWL7;
				ENABLE_HARDENED_RUNTIME = YES;
				INFOPLIST_FILE = gribParserTest/Info.plist;
				LD_RUNPATH_SEARCH_PATHS = (
					"$(inherited)",
					"@executable_path/../Frameworks",
				);
				LIBRARY_SEARCH_PATHS = (
					"$(inherited)",
					"$(PROJECT_DIR)/gribParserTest",
				);
				MACOSX_DEPLOYMENT_TARGET = 13.0;
				ONLY_ACTIVE_ARCH = YES;
				PRODUCT_BUNDLE_IDENTIFIER = org.balticnest.gribParserTest;
				PRODUCT_NAME = "$(TARGET_NAME)";
				PROVISIONING_PROFILE_SPECIFIER = "";
				SWIFT_OBJC_BRIDGING_HEADER = "gribParserTest/gribParserTest-Bridging-Header.h";
				SWIFT_VERSION = 5.0;
			};
			name = Release;
		};
/* End XCBuildConfiguration section */

/* Begin XCConfigurationList section */
		134D346421D67DF500373B74 /* Build configuration list for PBXProject "gribParserTest" */ = {
			isa = XCConfigurationList;
			buildConfigurations = (
				134D347721D67DF500373B74 /* Debug */,
				134D347821D67DF500373B74 /* Release */,
			);
			defaultConfigurationIsVisible = 0;
			defaultConfigurationName = Release;
		};
		134D347921D67DF500373B74 /* Build configuration list for PBXNativeTarget "gribParserTest" */ = {
			isa = XCConfigurationList;
			buildConfigurations = (
				134D347A21D67DF500373B74 /* Debug */,
				134D347B21D67DF500373B74 /* Release */,
			);
			defaultConfigurationIsVisible = 0;
			defaultConfigurationName = Release;
		};
/* End XCConfigurationList section */
	};
	rootObject = 134D346121D67DF500373B74 /* Project object */;
}
